
Microsoft Visual Studio Solution File, Format Version 12.00
# Visual Studio Version 18
VisualStudioVersion = 18.1.11312.151
MinimumVisualStudioVersion = 10.0.40219.1
Project("{FAE04EC0-301F-11D3-BF4B-00C04F79EFBC}") = "ProductCatalog.AppHost", "ProductCatalog.AppHost\ProductCatalog.AppHost.csproj", "{7F88DA27-80F5-423B-B1B4-6A6229573CFB}"
EndProject
Project("{FAE04EC0-301F-11D3-BF4B-00C04F79EFBC}") = "ProductCatalog.ServiceDefaults", "ProductCatalog.ServiceDefaults\ProductCatalog.ServiceDefaults.csproj", "{5CA5C7B4-345A-47EA-979C-D1DAA80272E1}"
EndProject
Project("{FAE04EC0-301F-11D3-BF4B-00C04F79EFBC}") = "ProductCatalog.Api", "ProductCatalog.Api\ProductCatalog.Api.csproj", "{6BA17BA2-07AD-4FA6-AF25-027D6A248439}"
EndProject
Project("{FAE04EC0-301F-11D3-BF4B-00C04F79EFBC}") = "ProductCatalog.Api.MigrationService", "ProductCatalog.Api.MigrationService\ProductCatalog.Api.MigrationService.csproj", "{0C5BB231-AAD5-4ACD-953D-5088A20250A7}"
EndProject
Project("{FAE04EC0-301F-11D3-BF4B-00C04F79EFBC}") = "ProductCatalog.Infrastructure", "ProductCatalog.Infrastructure\ProductCatalog.Infrastructure.csproj", "{731BF28B-423E-4250-816A-F855111332C4}"
EndProject
Project("{2150E333-8FDC-42A3-9474-1A3956D46DE8}") = "Tests", "Tests", "{A9BCF85D-B755-4994-96ED-A87942934961}"
EndProject
Project("{FAE04EC0-301F-11D3-BF4B-00C04F79EFBC}") = "ProductCatalog.Events", "ProductCatalog.Events\ProductCatalog.Events.csproj", "{EBF68D6C-21FA-486C-9E1E-010B9CE75D05}"
EndProject
Project("{FAE04EC0-301F-11D3-BF4B-00C04F79EFBC}") = "ProductCatalog.Search", "ProductCatalog.Search\ProductCatalog.Search.csproj", "{DCF956F4-1965-47B0-AFF2-120B62173FD9}"
EndProject
Project("{FAE04EC0-301F-11D3-BF4B-00C04F79EFBC}") = "ProductCatalog.SearchSyncService", "ProductCatalog.SearchSyncService\ProductCatalog.SearchSyncService.csproj", "{543E0E54-618A-9610-6491-729C779DF3B1}"
EndProject
Project("{FAE04EC0-301F-11D3-BF4B-00C04F79EFBC}") = "EventBus", "EventBus\EventBus.csproj", "{7609555C-E9B6-5978-E2CB-38FB0043257A}"
EndProject
Project("{FAE04EC0-301F-11D3-BF4B-00C04F79EFBC}") = "EventBus.Kafka", "EventBus.Kafka\EventBus.Kafka.csproj", "{6E38F1A6-B6B7-E933-CD35-49B103063A87}"
EndProject
Project("{FAE04EC0-301F-11D3-BF4B-00C04F79EFBC}") = "ProductCatalog.OutboxService", "ProductCatalog.OutboxService\ProductCatalog.OutboxService.csproj", "{84A4C003-8319-5010-97DC-227022869F5D}"
EndProject
Project("{FAE04EC0-301F-11D3-BF4B-00C04F79EFBC}") = "ProductCatalog.SearchApi", "ProductCatalog.SearchApi\ProductCatalog.SearchApi.csproj", "{1179D57D-7D86-D1D5-A0FB-3D1865EDF725}"
EndProject
Project("{FAE04EC0-301F-11D3-BF4B-00C04F79EFBC}") = "ProductCatalog.Api.Tests", "ProductCatalog.Api.Tests\ProductCatalog.Api.Tests.csproj", "{3151796A-B29E-414E-8552-700A7E450FC9}"
EndProject
Project("{FAE04EC0-301F-11D3-BF4B-00C04F79EFBC}") = "ProductCatalog.IntegrationTests", "ProductCatalog.IntegrationTests\ProductCatalog.IntegrationTests.csproj", "{93B18668-2BB1-4455-8FF4-E80B08BB0A00}"
EndProject
Global
	GlobalSection(SolutionConfigurationPlatforms) = preSolution
		Debug|Any CPU = Debug|Any CPU
		Debug|x64 = Debug|x64
		Debug|x86 = Debug|x86
		Release|Any CPU = Release|Any CPU
		Release|x64 = Release|x64
		Release|x86 = Release|x86
	EndGlobalSection
	GlobalSection(ProjectConfigurationPlatforms) = postSolution
		{7F88DA27-80F5-423B-B1B4-6A6229573CFB}.Debug|Any CPU.ActiveCfg = Debug|Any CPU
		{7F88DA27-80F5-423B-B1B4-6A6229573CFB}.Debug|Any CPU.Build.0 = Debug|Any CPU
		{7F88DA27-80F5-423B-B1B4-6A6229573CFB}.Debug|x64.ActiveCfg = Debug|Any CPU
		{7F88DA27-80F5-423B-B1B4-6A6229573CFB}.Debug|x64.Build.0 = Debug|Any CPU
		{7F88DA27-80F5-423B-B1B4-6A6229573CFB}.Debug|x86.ActiveCfg = Debug|Any CPU
		{7F88DA27-80F5-423B-B1B4-6A6229573CFB}.Debug|x86.Build.0 = Debug|Any CPU
		{7F88DA27-80F5-423B-B1B4-6A6229573CFB}.Release|Any CPU.ActiveCfg = Release|Any CPU
		{7F88DA27-80F5-423B-B1B4-6A6229573CFB}.Release|Any CPU.Build.0 = Release|Any CPU
		{7F88DA27-80F5-423B-B1B4-6A6229573CFB}.Release|x64.ActiveCfg = Release|Any CPU
		{7F88DA27-80F5-423B-B1B4-6A6229573CFB}.Release|x64.Build.0 = Release|Any CPU
		{7F88DA27-80F5-423B-B1B4-6A6229573CFB}.Release|x86.ActiveCfg = Release|Any CPU
		{7F88DA27-80F5-423B-B1B4-6A6229573CFB}.Release|x86.Build.0 = Release|Any CPU
		{5CA5C7B4-345A-47EA-979C-D1DAA80272E1}.Debug|Any CPU.ActiveCfg = Debug|Any CPU
		{5CA5C7B4-345A-47EA-979C-D1DAA80272E1}.Debug|Any CPU.Build.0 = Debug|Any CPU
		{5CA5C7B4-345A-47EA-979C-D1DAA80272E1}.Debug|x64.ActiveCfg = Debug|Any CPU
		{5CA5C7B4-345A-47EA-979C-D1DAA80272E1}.Debug|x64.Build.0 = Debug|Any CPU
		{5CA5C7B4-345A-47EA-979C-D1DAA80272E1}.Debug|x86.ActiveCfg = Debug|Any CPU
		{5CA5C7B4-345A-47EA-979C-D1DAA80272E1}.Debug|x86.Build.0 = Debug|Any CPU
		{5CA5C7B4-345A-47EA-979C-D1DAA80272E1}.Release|Any CPU.ActiveCfg = Release|Any CPU
		{5CA5C7B4-345A-47EA-979C-D1DAA80272E1}.Release|Any CPU.Build.0 = Release|Any CPU
		{5CA5C7B4-345A-47EA-979C-D1DAA80272E1}.Release|x64.ActiveCfg = Release|Any CPU
		{5CA5C7B4-345A-47EA-979C-D1DAA80272E1}.Release|x64.Build.0 = Release|Any CPU
		{5CA5C7B4-345A-47EA-979C-D1DAA80272E1}.Release|x86.ActiveCfg = Release|Any CPU
		{5CA5C7B4-345A-47EA-979C-D1DAA80272E1}.Release|x86.Build.0 = Release|Any CPU
		{6BA17BA2-07AD-4FA6-AF25-027D6A248439}.Debug|Any CPU.ActiveCfg = Debug|Any CPU
		{6BA17BA2-07AD-4FA6-AF25-027D6A248439}.Debug|Any CPU.Build.0 = Debug|Any CPU
		{6BA17BA2-07AD-4FA6-AF25-027D6A248439}.Debug|x64.ActiveCfg = Debug|Any CPU
		{6BA17BA2-07AD-4FA6-AF25-027D6A248439}.Debug|x64.Build.0 = Debug|Any CPU
		{6BA17BA2-07AD-4FA6-AF25-027D6A248439}.Debug|x86.ActiveCfg = Debug|Any CPU
		{6BA17BA2-07AD-4FA6-AF25-027D6A248439}.Debug|x86.Build.0 = Debug|Any CPU
		{6BA17BA2-07AD-4FA6-AF25-027D6A248439}.Release|Any CPU.ActiveCfg = Release|Any CPU
		{6BA17BA2-07AD-4FA6-AF25-027D6A248439}.Release|Any CPU.Build.0 = Release|Any CPU
		{6BA17BA2-07AD-4FA6-AF25-027D6A248439}.Release|x64.ActiveCfg = Release|Any CPU
		{6BA17BA2-07AD-4FA6-AF25-027D6A248439}.Release|x64.Build.0 = Release|Any CPU
		{6BA17BA2-07AD-4FA6-AF25-027D6A248439}.Release|x86.ActiveCfg = Release|Any CPU
		{6BA17BA2-07AD-4FA6-AF25-027D6A248439}.Release|x86.Build.0 = Release|Any CPU
		{0C5BB231-AAD5-4ACD-953D-5088A20250A7}.Debug|Any CPU.ActiveCfg = Debug|Any CPU
		{0C5BB231-AAD5-4ACD-953D-5088A20250A7}.Debug|Any CPU.Build.0 = Debug|Any CPU
		{0C5BB231-AAD5-4ACD-953D-5088A20250A7}.Debug|x64.ActiveCfg = Debug|Any CPU
		{0C5BB231-AAD5-4ACD-953D-5088A20250A7}.Debug|x64.Build.0 = Debug|Any CPU
		{0C5BB231-AAD5-4ACD-953D-5088A20250A7}.Debug|x86.ActiveCfg = Debug|Any CPU
		{0C5BB231-AAD5-4ACD-953D-5088A20250A7}.Debug|x86.Build.0 = Debug|Any CPU
		{0C5BB231-AAD5-4ACD-953D-5088A20250A7}.Release|Any CPU.ActiveCfg = Release|Any CPU
		{0C5BB231-AAD5-4ACD-953D-5088A20250A7}.Release|Any CPU.Build.0 = Release|Any CPU
		{0C5BB231-AAD5-4ACD-953D-5088A20250A7}.Release|x64.ActiveCfg = Release|Any CPU
		{0C5BB231-AAD5-4ACD-953D-5088A20250A7}.Release|x64.Build.0 = Release|Any CPU
		{0C5BB231-AAD5-4ACD-953D-5088A20250A7}.Release|x86.ActiveCfg = Release|Any CPU
		{0C5BB231-AAD5-4ACD-953D-5088A20250A7}.Release|x86.Build.0 = Release|Any CPU
		{731BF28B-423E-4250-816A-F855111332C4}.Debug|Any CPU.ActiveCfg = Debug|Any CPU
		{731BF28B-423E-4250-816A-F855111332C4}.Debug|Any CPU.Build.0 = Debug|Any CPU
		{731BF28B-423E-4250-816A-F855111332C4}.Debug|x64.ActiveCfg = Debug|Any CPU
		{731BF28B-423E-4250-816A-F855111332C4}.Debug|x64.Build.0 = Debug|Any CPU
		{731BF28B-423E-4250-816A-F855111332C4}.Debug|x86.ActiveCfg = Debug|Any CPU
		{731BF28B-423E-4250-816A-F855111332C4}.Debug|x86.Build.0 = Debug|Any CPU
		{731BF28B-423E-4250-816A-F855111332C4}.Release|Any CPU.ActiveCfg = Release|Any CPU
		{731BF28B-423E-4250-816A-F855111332C4}.Release|Any CPU.Build.0 = Release|Any CPU
		{731BF28B-423E-4250-816A-F855111332C4}.Release|x64.ActiveCfg = Release|Any CPU
		{731BF28B-423E-4250-816A-F855111332C4}.Release|x64.Build.0 = Release|Any CPU
		{731BF28B-423E-4250-816A-F855111332C4}.Release|x86.ActiveCfg = Release|Any CPU
		{731BF28B-423E-4250-816A-F855111332C4}.Release|x86.Build.0 = Release|Any CPU
		{EBF68D6C-21FA-486C-9E1E-010B9CE75D05}.Debug|Any CPU.ActiveCfg = Debug|Any CPU
		{EBF68D6C-21FA-486C-9E1E-010B9CE75D05}.Debug|Any CPU.Build.0 = Debug|Any CPU
		{EBF68D6C-21FA-486C-9E1E-010B9CE75D05}.Debug|x64.ActiveCfg = Debug|Any CPU
		{EBF68D6C-21FA-486C-9E1E-010B9CE75D05}.Debug|x64.Build.0 = Debug|Any CPU
		{EBF68D6C-21FA-486C-9E1E-010B9CE75D05}.Debug|x86.ActiveCfg = Debug|Any CPU
		{EBF68D6C-21FA-486C-9E1E-010B9CE75D05}.Debug|x86.Build.0 = Debug|Any CPU
		{EBF68D6C-21FA-486C-9E1E-010B9CE75D05}.Release|Any CPU.ActiveCfg = Release|Any CPU
		{EBF68D6C-21FA-486C-9E1E-010B9CE75D05}.Release|Any CPU.Build.0 = Release|Any CPU
		{EBF68D6C-21FA-486C-9E1E-010B9CE75D05}.Release|x64.ActiveCfg = Release|Any CPU
		{EBF68D6C-21FA-486C-9E1E-010B9CE75D05}.Release|x64.Build.0 = Release|Any CPU
		{EBF68D6C-21FA-486C-9E1E-010B9CE75D05}.Release|x86.ActiveCfg = Release|Any CPU
		{EBF68D6C-21FA-486C-9E1E-010B9CE75D05}.Release|x86.Build.0 = Release|Any CPU
		{DCF956F4-1965-47B0-AFF2-120B62173FD9}.Debug|Any CPU.ActiveCfg = Debug|Any CPU
		{DCF956F4-1965-47B0-AFF2-120B62173FD9}.Debug|Any CPU.Build.0 = Debug|Any CPU
		{DCF956F4-1965-47B0-AFF2-120B62173FD9}.Debug|x64.ActiveCfg = Debug|Any CPU
		{DCF956F4-1965-47B0-AFF2-120B62173FD9}.Debug|x64.Build.0 = Debug|Any CPU
		{DCF956F4-1965-47B0-AFF2-120B62173FD9}.Debug|x86.ActiveCfg = Debug|Any CPU
		{DCF956F4-1965-47B0-AFF2-120B62173FD9}.Debug|x86.Build.0 = Debug|Any CPU
		{DCF956F4-1965-47B0-AFF2-120B62173FD9}.Release|Any CPU.ActiveCfg = Release|Any CPU
		{DCF956F4-1965-47B0-AFF2-120B62173FD9}.Release|Any CPU.Build.0 = Release|Any CPU
		{DCF956F4-1965-47B0-AFF2-120B62173FD9}.Release|x64.ActiveCfg = Release|Any CPU
		{DCF956F4-1965-47B0-AFF2-120B62173FD9}.Release|x64.Build.0 = Release|Any CPU
		{DCF956F4-1965-47B0-AFF2-120B62173FD9}.Release|x86.ActiveCfg = Release|Any CPU
		{DCF956F4-1965-47B0-AFF2-120B62173FD9}.Release|x86.Build.0 = Release|Any CPU
		{543E0E54-618A-9610-6491-729C779DF3B1}.Debug|Any CPU.ActiveCfg = Debug|Any CPU
		{543E0E54-618A-9610-6491-729C779DF3B1}.Debug|Any CPU.Build.0 = Debug|Any CPU
		{543E0E54-618A-9610-6491-729C779DF3B1}.Debug|x64.ActiveCfg = Debug|Any CPU
		{543E0E54-618A-9610-6491-729C779DF3B1}.Debug|x64.Build.0 = Debug|Any CPU
		{543E0E54-618A-9610-6491-729C779DF3B1}.Debug|x86.ActiveCfg = Debug|Any CPU
		{543E0E54-618A-9610-6491-729C779DF3B1}.Debug|x86.Build.0 = Debug|Any CPU
		{543E0E54-618A-9610-6491-729C779DF3B1}.Release|Any CPU.ActiveCfg = Release|Any CPU
		{543E0E54-618A-9610-6491-729C779DF3B1}.Release|Any CPU.Build.0 = Release|Any CPU
		{543E0E54-618A-9610-6491-729C779DF3B1}.Release|x64.ActiveCfg = Release|Any CPU
		{543E0E54-618A-9610-6491-729C779DF3B1}.Release|x64.Build.0 = Release|Any CPU
		{543E0E54-618A-9610-6491-729C779DF3B1}.Release|x86.ActiveCfg = Release|Any CPU
		{543E0E54-618A-9610-6491-729C779DF3B1}.Release|x86.Build.0 = Release|Any CPU
		{7609555C-E9B6-5978-E2CB-38FB0043257A}.Debug|Any CPU.ActiveCfg = Debug|Any CPU
		{7609555C-E9B6-5978-E2CB-38FB0043257A}.Debug|Any CPU.Build.0 = Debug|Any CPU
		{7609555C-E9B6-5978-E2CB-38FB0043257A}.Debug|x64.ActiveCfg = Debug|Any CPU
		{7609555C-E9B6-5978-E2CB-38FB0043257A}.Debug|x64.Build.0 = Debug|Any CPU
		{7609555C-E9B6-5978-E2CB-38FB0043257A}.Debug|x86.ActiveCfg = Debug|Any CPU
		{7609555C-E9B6-5978-E2CB-38FB0043257A}.Debug|x86.Build.0 = Debug|Any CPU
		{7609555C-E9B6-5978-E2CB-38FB0043257A}.Release|Any CPU.ActiveCfg = Release|Any CPU
		{7609555C-E9B6-5978-E2CB-38FB0043257A}.Release|Any CPU.Build.0 = Release|Any CPU
		{7609555C-E9B6-5978-E2CB-38FB0043257A}.Release|x64.ActiveCfg = Release|Any CPU
		{7609555C-E9B6-5978-E2CB-38FB0043257A}.Release|x64.Build.0 = Release|Any CPU
		{7609555C-E9B6-5978-E2CB-38FB0043257A}.Release|x86.ActiveCfg = Release|Any CPU
		{7609555C-E9B6-5978-E2CB-38FB0043257A}.Release|x86.Build.0 = Release|Any CPU
		{6E38F1A6-B6B7-E933-CD35-49B103063A87}.Debug|Any CPU.ActiveCfg = Debug|Any CPU
		{6E38F1A6-B6B7-E933-CD35-49B103063A87}.Debug|Any CPU.Build.0 = Debug|Any CPU
		{6E38F1A6-B6B7-E933-CD35-49B103063A87}.Debug|x64.ActiveCfg = Debug|Any CPU
		{6E38F1A6-B6B7-E933-CD35-49B103063A87}.Debug|x64.Build.0 = Debug|Any CPU
		{6E38F1A6-B6B7-E933-CD35-49B103063A87}.Debug|x86.ActiveCfg = Debug|Any CPU
		{6E38F1A6-B6B7-E933-CD35-49B103063A87}.Debug|x86.Build.0 = Debug|Any CPU
		{6E38F1A6-B6B7-E933-CD35-49B103063A87}.Release|Any CPU.ActiveCfg = Release|Any CPU
		{6E38F1A6-B6B7-E933-CD35-49B103063A87}.Release|Any CPU.Build.0 = Release|Any CPU
		{6E38F1A6-B6B7-E933-CD35-49B103063A87}.Release|x64.ActiveCfg = Release|Any CPU
		{6E38F1A6-B6B7-E933-CD35-49B103063A87}.Release|x64.Build.0 = Release|Any CPU
		{6E38F1A6-B6B7-E933-CD35-49B103063A87}.Release|x86.ActiveCfg = Release|Any CPU
		{6E38F1A6-B6B7-E933-CD35-49B103063A87}.Release|x86.Build.0 = Release|Any CPU
		{84A4C003-8319-5010-97DC-227022869F5D}.Debug|Any CPU.ActiveCfg = Debug|Any CPU
		{84A4C003-8319-5010-97DC-227022869F5D}.Debug|Any CPU.Build.0 = Debug|Any CPU
		{84A4C003-8319-5010-97DC-227022869F5D}.Debug|x64.ActiveCfg = Debug|Any CPU
		{84A4C003-8319-5010-97DC-227022869F5D}.Debug|x64.Build.0 = Debug|Any CPU
		{84A4C003-8319-5010-97DC-227022869F5D}.Debug|x86.ActiveCfg = Debug|Any CPU
		{84A4C003-8319-5010-97DC-227022869F5D}.Debug|x86.Build.0 = Debug|Any CPU
		{84A4C003-8319-5010-97DC-227022869F5D}.Release|Any CPU.ActiveCfg = Release|Any CPU
		{84A4C003-8319-5010-97DC-227022869F5D}.Release|Any CPU.Build.0 = Release|Any CPU
		{84A4C003-8319-5010-97DC-227022869F5D}.Release|x64.ActiveCfg = Release|Any CPU
		{84A4C003-8319-5010-97DC-227022869F5D}.Release|x64.Build.0 = Release|Any CPU
		{84A4C003-8319-5010-97DC-227022869F5D}.Release|x86.ActiveCfg = Release|Any CPU
		{84A4C003-8319-5010-97DC-227022869F5D}.Release|x86.Build.0 = Release|Any CPU
		{1179D57D-7D86-D1D5-A0FB-3D1865EDF725}.Debug|Any CPU.ActiveCfg = Debug|Any CPU
		{1179D57D-7D86-D1D5-A0FB-3D1865EDF725}.Debug|Any CPU.Build.0 = Debug|Any CPU
		{1179D57D-7D86-D1D5-A0FB-3D1865EDF725}.Debug|x64.ActiveCfg = Debug|Any CPU
		{1179D57D-7D86-D1D5-A0FB-3D1865EDF725}.Debug|x64.Build.0 = Debug|Any CPU
		{1179D57D-7D86-D1D5-A0FB-3D1865EDF725}.Debug|x86.ActiveCfg = Debug|Any CPU
		{1179D57D-7D86-D1D5-A0FB-3D1865EDF725}.Debug|x86.Build.0 = Debug|Any CPU
		{1179D57D-7D86-D1D5-A0FB-3D1865EDF725}.Release|Any CPU.ActiveCfg = Release|Any CPU
		{1179D57D-7D86-D1D5-A0FB-3D1865EDF725}.Release|Any CPU.Build.0 = Release|Any CPU
		{1179D57D-7D86-D1D5-A0FB-3D1865EDF725}.Release|x64.ActiveCfg = Release|Any CPU
		{1179D57D-7D86-D1D5-A0FB-3D1865EDF725}.Release|x64.Build.0 = Release|Any CPU
		{1179D57D-7D86-D1D5-A0FB-3D1865EDF725}.Release|x86.ActiveCfg = Release|Any CPU
		{1179D57D-7D86-D1D5-A0FB-3D1865EDF725}.Release|x86.Build.0 = Release|Any CPU
		{3151796A-B29E-414E-8552-700A7E450FC9}.Debug|Any CPU.ActiveCfg = Debug|Any CPU
		{3151796A-B29E-414E-8552-700A7E450FC9}.Debug|Any CPU.Build.0 = Debug|Any CPU
		{3151796A-B29E-414E-8552-700A7E450FC9}.Debug|x64.ActiveCfg = Debug|Any CPU
		{3151796A-B29E-414E-8552-700A7E450FC9}.Debug|x64.Build.0 = Debug|Any CPU
		{3151796A-B29E-414E-8552-700A7E450FC9}.Debug|x86.ActiveCfg = Debug|Any CPU
		{3151796A-B29E-414E-8552-700A7E450FC9}.Debug|x86.Build.0 = Debug|Any CPU
		{3151796A-B29E-414E-8552-700A7E450FC9}.Release|Any CPU.ActiveCfg = Release|Any CPU
		{3151796A-B29E-414E-8552-700A7E450FC9}.Release|Any CPU.Build.0 = Release|Any CPU
		{3151796A-B29E-414E-8552-700A7E450FC9}.Release|x64.ActiveCfg = Release|Any CPU
		{3151796A-B29E-414E-8552-700A7E450FC9}.Release|x64.Build.0 = Release|Any CPU
		{3151796A-B29E-414E-8552-700A7E450FC9}.Release|x86.ActiveCfg = Release|Any CPU
		{3151796A-B29E-414E-8552-700A7E450FC9}.Release|x86.Build.0 = Release|Any CPU
		{93B18668-2BB1-4455-8FF4-E80B08BB0A00}.Debug|Any CPU.ActiveCfg = Debug|Any CPU
		{93B18668-2BB1-4455-8FF4-E80B08BB0A00}.Debug|Any CPU.Build.0 = Debug|Any CPU
		{93B18668-2BB1-4455-8FF4-E80B08BB0A00}.Debug|x64.ActiveCfg = Debug|Any CPU
		{93B18668-2BB1-4455-8FF4-E80B08BB0A00}.Debug|x64.Build.0 = Debug|Any CPU
		{93B18668-2BB1-4455-8FF4-E80B08BB0A00}.Debug|x86.ActiveCfg = Debug|Any CPU
		{93B18668-2BB1-4455-8FF4-E80B08BB0A00}.Debug|x86.Build.0 = Debug|Any CPU
		{93B18668-2BB1-4455-8FF4-E80B08BB0A00}.Release|Any CPU.ActiveCfg = Release|Any CPU
		{93B18668-2BB1-4455-8FF4-E80B08BB0A00}.Release|Any CPU.Build.0 = Release|Any CPU
		{93B18668-2BB1-4455-8FF4-E80B08BB0A00}.Release|x64.ActiveCfg = Release|Any CPU
		{93B18668-2BB1-4455-8FF4-E80B08BB0A00}.Release|x64.Build.0 = Release|Any CPU
		{93B18668-2BB1-4455-8FF4-E80B08BB0A00}.Release|x86.ActiveCfg = Release|Any CPU
		{93B18668-2BB1-4455-8FF4-E80B08BB0A00}.Release|x86.Build.0 = Release|Any CPU
	EndGlobalSection
	GlobalSection(SolutionProperties) = preSolution
		HideSolutionNode = FALSE
	EndGlobalSection
	GlobalSection(NestedProjects) = preSolution
		{3151796A-B29E-414E-8552-700A7E450FC9} = {A9BCF85D-B755-4994-96ED-A87942934961}
		{93B18668-2BB1-4455-8FF4-E80B08BB0A00} = {A9BCF85D-B755-4994-96ED-A87942934961}
	EndGlobalSection
	GlobalSection(ExtensibilityGlobals) = postSolution
		SolutionGuid = {51937789-2520-426D-92FF-752E2AC1C2F8}
	EndGlobalSection
EndGlobal
